
Microsoft Visual Studio Solution File, Format Version 12.00
# Visual Studio Version 17
VisualStudioVersion = 17.8.34316.72
MinimumVisualStudioVersion = 10.0.40219.1
Project("{9A19103F-16F7-4668-BE54-9A1E7A4F7556}") = "Emailapp", "Emailapp\Emailapp.csproj", "{B1AE31F2-CBF9-4842-BE43-CC2362A70A11}"
EndProject
Project("{2150E333-8FDC-42A3-9474-1A3956D46DE8}") = "Docs", "Docs", "{F973DC5D-CF2B-4D34-A0C1-2956CC4BC9AF}"
	ProjectSection(SolutionItems) = preProject
		..\..\..\Documents\Email.drawio = ..\..\..\Documents\Email.drawio
	EndProjectSection
EndProject
Global
	GlobalSection(SolutionConfigurationPlatforms) = preSolution
		Debug|Any CPU = Debug|Any CPU
		Release|Any CPU = Release|Any CPU
	EndGlobalSection
	GlobalSection(ProjectConfigurationPlatforms) = postSolution
		{B1AE31F2-CBF9-4842-BE43-CC2362A70A11}.Debug|Any CPU.ActiveCfg = Debug|Any CPU
		{B1AE31F2-CBF9-4842-BE43-CC2362A70A11}.Debug|Any CPU.Build.0 = Debug|Any CPU
		{B1AE31F2-CBF9-4842-BE43-CC2362A70A11}.Release|Any CPU.ActiveCfg = Release|Any CPU
		{B1AE31F2-CBF9-4842-BE43-CC2362A70A11}.Release|Any CPU.Build.0 = Release|Any CPU
	EndGlobalSection
	GlobalSection(SolutionProperties) = preSolution
		HideSolutionNode = FALSE
	EndGlobalSection
	GlobalSection(ExtensibilityGlobals) = postSolution
		SolutionGuid = {E557FE55-4C1A-43CC-90B4-F527C2E235FA}
	EndGlobalSection
EndGlobal
